
Microsoft Visual Studio Solution File, Format Version 12.00
# Visual Studio 15
VisualStudioVersion = 15.9.7
MinimumVisualStudioVersion = 10.0.40219.1
Project("{8BC9CEB8-8B4A-11D0-8D11-00A0C91BC942}") = "Menyoo", "source\Menyoo.vcxproj", "{8D82F34A-1D64-465B-84B1-37F89AD3D20B}"
EndProject
Global
	GlobalSection(SolutionConfigurationPlatforms) = preSolution
		Debug|x64 = Debug|x64
		Release|x64 = Release|x64
	EndGlobalSection
	GlobalSection(ProjectConfigurationPlatforms) = postSolution
		{8D82F34A-1D64-465B-84B1-37F89AD3D20B}.Debug|x64.ActiveCfg = Release|x64
		{8D82F34A-1D64-465B-84B1-37F89AD3D20B}.Debug|x64.Build.0 = Release|x64
		{8D82F34A-1D64-465B-84B1-37F89AD3D20B}.Release|x64.ActiveCfg = Release|x64
		{8D82F34A-1D64-465B-84B1-37F89AD3D20B}.Release|x64.Build.0 = Release|x64
	EndGlobalSection
	GlobalSection(SolutionProperties) = preSolution
		HideSolutionNode = FALSE
	EndGlobalSection
	GlobalSection(ExtensibilityGlobals) = postSolution
		SolutionGuid = {F3576C05-C8D2-4039-B496-0EB6520C1323}
	EndGlobalSection
EndGlobal
